
Microsoft Visual Studio Solution File, Format Version 12.00
# Visual Studio Version 16
VisualStudioVersion = 16.0.30114.105
MinimumVisualStudioVersion = 10.0.40219.1
Project("{FAE04EC0-301F-11D3-BF4B-00C04F79EFBC}") = "AasCore.Aas3_0", "AasCore.Aas3_0\AasCore.Aas3_0.csproj", "{1001A36B-4628-467D-87D5-7C2E220E7D6C}"
EndProject
Project("{FAE04EC0-301F-11D3-BF4B-00C04F79EFBC}") = "AasCore.Aas3_0.Tests", "AasCore.Aas3_0.Tests\AasCore.Aas3_0.Tests.csproj", "{BDA0E5A2-D48D-4888-9D52-44BD529F8108}"
EndProject
Global
	GlobalSection(SolutionConfigurationPlatforms) = preSolution
		Debug|Any CPU = Debug|Any CPU
		Release|Any CPU = Release|Any CPU
	EndGlobalSection
	GlobalSection(SolutionProperties) = preSolution
		HideSolutionNode = FALSE
	EndGlobalSection
	GlobalSection(ProjectConfigurationPlatforms) = postSolution
		{1001A36B-4628-467D-87D5-7C2E220E7D6C}.Debug|Any CPU.ActiveCfg = Debug|Any CPU
		{1001A36B-4628-467D-87D5-7C2E220E7D6C}.Debug|Any CPU.Build.0 = Debug|Any CPU
		{1001A36B-4628-467D-87D5-7C2E220E7D6C}.Release|Any CPU.ActiveCfg = Release|Any CPU
		{1001A36B-4628-467D-87D5-7C2E220E7D6C}.Release|Any CPU.Build.0 = Release|Any CPU
		{BDA0E5A2-D48D-4888-9D52-44BD529F8108}.Debug|Any CPU.ActiveCfg = Debug|Any CPU
		{BDA0E5A2-D48D-4888-9D52-44BD529F8108}.Debug|Any CPU.Build.0 = Debug|Any CPU
		{BDA0E5A2-D48D-4888-9D52-44BD529F8108}.Release|Any CPU.ActiveCfg = Release|Any CPU
		{BDA0E5A2-D48D-4888-9D52-44BD529F8108}.Release|Any CPU.Build.0 = Release|Any CPU
	EndGlobalSection
EndGlobal
